<?xml version="1.0" encoding="UTF-8"?>
<Scheme
   LastUpgradeVersion = "0830"
   version = "1.3">
   <BuildAction
      parallelizeBuildables = "YES"
      buildImplicitDependencies = "YES">
      <BuildActionEntries>
         <BuildActionEntry
            buildForTesting = "YES"
            buildForRunning = "YES"
            buildForProfiling = "YES"
            buildForArchiving = "YES"
            buildForAnalyzing = "YES">
            <BuildableReference
               BuildableIdentifier = "primary"
               BlueprintIdentifier = "B31E9396E7B3FC8FF71364C937C79141FC1785CFBA45C2CF"
               BuildableName = "test"
               BlueprintName = "test"
               ReferencedContainer = "container:test.xcodeproj">
            </BuildableReference>
         </BuildActionEntry>
      </BuildActionEntries>
   </BuildAction>
   <TestAction
      buildConfiguration = "Debug"
      selectedDebuggerIdentifier = "Xcode.DebuggerFoundation.Debugger.LLDB"
      selectedLauncherIdentifier = "Xcode.DebuggerFoundation.Launcher.LLDB"
      language = ""
      shouldUseLaunchSchemeArgsEnv = "YES">
      <Testables>
      </Testables>
      <MacroExpansion>
         <BuildableReference
            BuildableIdentifier = "primary"
            BlueprintIdentifier = "B31E9396E7B3FC8FF71364C937C79141FC1785CFBA45C2CF"
            BuildableName = "test"
            BlueprintName = "test"
            ReferencedContainer = "container:test.xcodeproj">
         </BuildableReference>
      </MacroExpansion>
      <AdditionalOptions>
      </AdditionalOptions>
   </TestAction>
   <LaunchAction
      buildConfiguration = "Debug"
      selectedDebuggerIdentifier = "Xcode.DebuggerFoundation.Debugger.LLDB"
      selectedLauncherIdentifier = "Xcode.DebuggerFoundation.Launcher.LLDB"
      enableAddressSanitizer = "YES"
      language = ""
      launchStyle = "0"
      useCustomWorkingDirectory = "NO"
      ignoresPersistentStateOnLaunch = "NO"
      debugDocumentVersioning = "YES"
      debugServiceExtension = "internal"
      allowLocationSimulation = "YES">
      <BuildableProductRunnable
         runnableDebuggingMode = "0">
         <BuildableReference
            BuildableIdentifier = "primary"
            BlueprintIdentifier = "B31E9396E7B3FC8FF71364C937C79141FC1785CFBA45C2CF"
            BuildableName = "test"
            BlueprintName = "test"
            ReferencedContainer = "container:test.xcodeproj">
         </BuildableReference>
      </BuildableProductRunnable>
      <CommandLineArguments>
         <CommandLineArgument
            argument = "-r src"
            isEnabled = "YES">
         </CommandLineArgument>
         <CommandLineArgument
            argument = "-r DLIR"
            isEnabled = "YES">
         </CommandLineArgument>
         <CommandLineArgument
            argument = "-f $(PROJECT_DIR)/test_330.bmp"
            isEnabled = "NO">
         </CommandLineArgument>
         <CommandLineArgument
            argument = "-r bi8"
            isEnabled = "NO">
         </CommandLineArgument>
         <CommandLineArgument
            argument = "-s 450x450"
            isEnabled = "YES">
         </CommandLineArgument>
         <CommandLineArgument
            argument = "-s 330x330"
            isEnabled = "NO">
         </CommandLineArgument>
         <CommandLineArgument
            argument = "--cmp"
            isEnabled = "NO">
         </CommandLineArgument>
      </CommandLineArguments>
      <AdditionalOptions>
      </AdditionalOptions>
   </LaunchAction>
   <ProfileAction
      buildConfiguration = "Release"
      shouldUseLaunchSchemeArgsEnv = "YES"
      savedToolIdentifier = ""
      useCustomWorkingDirectory = "NO"
      debugDocumentVersioning = "YES">
      <BuildableProductRunnable
         runnableDebuggingMode = "0">
         <BuildableReference
            BuildableIdentifier = "primary"
            BlueprintIdentifier = "B31E9396E7B3FC8FF71364C937C79141FC1785CFBA45C2CF"
            BuildableName = "test"
            BlueprintName = "test"
            ReferencedContainer = "container:test.xcodeproj">
         </BuildableReference>
      </BuildableProductRunnable>
   </ProfileAction>
   <AnalyzeAction
      buildConfiguration = "Debug">
   </AnalyzeAction>
   <ArchiveAction
      buildConfiguration = "Release"
      revealArchiveInOrganizer = "YES">
   </ArchiveAction>
</Scheme>
